
Microsoft Visual Studio Solution File, Format Version 12.00
# Visual Studio Version 17
VisualStudioVersion = 17.1.32421.90
MinimumVisualStudioVersion = 10.0.40219.1
Project("{FAE04EC0-301F-11D3-BF4B-00C04F79EFBC}") = "Файловый менеджер", "Файловый менеджер\Файловый менеджер.csproj", "{0DA14EA7-D824-4DF1-AF01-F0147AFB7092}"
EndProject
Global
	GlobalSection(SolutionConfigurationPlatforms) = preSolution
		Debug|Any CPU = Debug|Any CPU
		Release|Any CPU = Release|Any CPU
	EndGlobalSection
	GlobalSection(ProjectConfigurationPlatforms) = postSolution
		{0DA14EA7-D824-4DF1-AF01-F0147AFB7092}.Debug|Any CPU.ActiveCfg = Debug|Any CPU
		{0DA14EA7-D824-4DF1-AF01-F0147AFB7092}.Debug|Any CPU.Build.0 = Debug|Any CPU
		{0DA14EA7-D824-4DF1-AF01-F0147AFB7092}.Release|Any CPU.ActiveCfg = Release|Any CPU
		{0DA14EA7-D824-4DF1-AF01-F0147AFB7092}.Release|Any CPU.Build.0 = Release|Any CPU
	EndGlobalSection
	GlobalSection(SolutionProperties) = preSolution
		HideSolutionNode = FALSE
	EndGlobalSection
	GlobalSection(ExtensibilityGlobals) = postSolution
		SolutionGuid = {74A31EEC-0B07-4CA4-A7E2-79054947DA23}
	EndGlobalSection
EndGlobal
